{
  "name": "portfolio-2",
  "version": "1.0.0",
  "lockfileVersion": 2,
  "requires": true,
  "packages": {
    "": {
      "name": "portfolio-2",
      "version": "1.0.0",
      "license": "ISC",
      "dependencies": {
        "@arrow-js/core": "^1.0.0-alpha.8"
      }
    },
    "node_modules/@arrow-js/core": {
      "version": "1.0.0-alpha.8",
      "resolved": "https://registry.npmjs.org/@arrow-js/core/-/core-1.0.0-alpha.8.tgz",
      "integrity": "sha512-3+9oBkFAax0ing/dxezry9DnqNRjKV+doh0Kb+uyDOtQklDtNJ95O4LQc7ENygjQwnPRdmV6uOrU486WlQdnUw==",
      "engines": {
        "node": ">=14.0.0"
      }
    }
  },
  "dependencies": {
    "@arrow-js/core": {
      "version": "1.0.0-alpha.8",
      "resolved": "https://registry.npmjs.org/@arrow-js/core/-/core-1.0.0-alpha.8.tgz",
      "integrity": "sha512-3+9oBkFAax0ing/dxezry9DnqNRjKV+doh0Kb+uyDOtQklDtNJ95O4LQc7ENygjQwnPRdmV6uOrU486WlQdnUw=="
    }
  }
}
